
Microsoft Visual Studio Solution File, Format Version 12.00
# Visual Studio Version 17
VisualStudioVersion = 17.13.35931.197 d17.13
MinimumVisualStudioVersion = 10.0.40219.1
Project("{FAE04EC0-301F-11D3-BF4B-00C04F79EFBC}") = "projectGit", "projectGit.csproj", "{B8627A48-A12A-4C31-BF78-2A6BD9CA4363}"
EndProject
Global
	GlobalSection(SolutionConfigurationPlatforms) = preSolution
		Debug|Any CPU = Debug|Any CPU
		Release|Any CPU = Release|Any CPU
	EndGlobalSection
	GlobalSection(ProjectConfigurationPlatforms) = postSolution
		{B8627A48-A12A-4C31-BF78-2A6BD9CA4363}.Debug|Any CPU.ActiveCfg = Debug|Any CPU
		{B8627A48-A12A-4C31-BF78-2A6BD9CA4363}.Debug|Any CPU.Build.0 = Debug|Any CPU
		{B8627A48-A12A-4C31-BF78-2A6BD9CA4363}.Release|Any CPU.ActiveCfg = Release|Any CPU
		{B8627A48-A12A-4C31-BF78-2A6BD9CA4363}.Release|Any CPU.Build.0 = Release|Any CPU
	EndGlobalSection
	GlobalSection(SolutionProperties) = preSolution
		HideSolutionNode = FALSE
	EndGlobalSection
	GlobalSection(ExtensibilityGlobals) = postSolution
		SolutionGuid = {ADD61ED6-1AF7-49B1-8672-5EE64A68F9CB}
	EndGlobalSection
EndGlobal
